version = 1
revision = 2
requires-python = ">=3.12"

[[package]]
name = "colorama"
version = "0.4.6"
source = { registry = "https://pypi.org/simple" }
sdist = { url = "https://files.pythonhosted.org/packages/d8/53/6f443c9a4a8358a93a6792e2acffb9d9d5cb0a5cfd8802644b7b1c9a02e4/colorama-0.4.6.tar.gz", hash = "sha256:08695f5cb7ed6e0531a20572697297273c47b8cae5a63ffc6d6ed5c201be6e44", size = 27697, upload-time = "2022-10-25T02:36:22.414Z" }
wheels = [
    { url = "https://files.pythonhosted.org/packages/d1/d6/3965ed04c63042e047cb6a3e6ed1a63a35087b6a609aa3a15ed8ac56c221/colorama-0.4.6-py2.py3-none-any.whl", hash = "sha256:4f1d9991f5acc0ca119f9d443620b77f9d6b33703e51011c16baf57afb285fc6", size = 25335, upload-time = "2022-10-25T02:36:20.889Z" },
]

[[package]]
name = "jpype1"
version = "1.6.0"
source = { registry = "https://pypi.org/simple" }
dependencies = [
    { name = "packaging" },
]
sdist = { url = "https://files.pythonhosted.org/packages/34/49/6090a131d84b22c6aae13b1853092028b060fd17da1af87c0e42ad69d50f/jpype1-1.6.0.tar.gz", hash = "sha256:2d46b2a14f8f0e6f17d8aa22b4fc3a64b2790851ebf1409ad79a37c698fd6e9a", size = 1057888, upload-time = "2025-07-07T14:04:11.244Z" }
wheels = [
    { url = "https://files.pythonhosted.org/packages/38/88/2156a27251492169f947850293d9870d49d784f1355fad7e920095636721/jpype1-1.6.0-cp312-cp312-macosx_10_9_universal2.whl", hash = "sha256:5454322887505097c46f41521becf31cda2303f54e35cb42e20f1a180055a558", size = 582187, upload-time = "2025-07-07T13:50:39.034Z" },
    { url = "https://files.pythonhosted.org/packages/6b/5d/51bde8695cc3eabcc465779f6dc23b149194bbcdcb8d221a9572422053f4/jpype1-1.6.0-cp312-cp312-manylinux2014_aarch64.manylinux_2_17_aarch64.whl", hash = "sha256:cf646459023a0dd71b3cc3aeeb977225a93f94c97839bb4e6146977b166c7caf", size = 468341, upload-time = "2025-07-07T13:50:40.739Z" },
    { url = "https://files.pythonhosted.org/packages/7a/a1/50cdc2bf9e51c0828faabec6fad50d61aada5a57d0bc435f4db0c16eb2ca/jpype1-1.6.0-cp312-cp312-manylinux2014_i686.manylinux_2_17_i686.whl", hash = "sha256:7a98b34bc68a117881382dffa9b02d5e1d0d94325f85d7f564c33cc9e9d2916b", size = 511724, upload-time = "2025-07-07T13:50:42.479Z" },
    { url = "https://files.pythonhosted.org/packages/c4/a4/6038228e44cbcdb8f96ff2518cd6c577730f31fb62e9f46de7efdfabc2de/jpype1-1.6.0-cp312-cp312-manylinux2014_x86_64.manylinux_2_17_x86_64.whl", hash = "sha256:b56d7b662ce353c7f876e9ff3d4e775918348340795801e1f00c3b6241006264", size = 495897, upload-time = "2025-07-07T13:50:44.018Z" },
    { url = "https://files.pythonhosted.org/packages/8c/e4/af69d43779da0e49d37d7fd8a4a01bede03f6a3bab450eab1c10cf48e20e/jpype1-1.6.0-cp312-cp312-win_amd64.whl", hash = "sha256:cf41134bc59c28de2721614ed00a34f76f69f2b525583a5c42fee5c7bae05d40", size = 355702, upload-time = "2025-07-07T13:50:45.368Z" },
    { url = "https://files.pythonhosted.org/packages/3f/1b/7167cfb702cfbcb17b0973150608f9cb92c3f409ebaaff655f7389617766/jpype1-1.6.0-cp313-cp313-macosx_10_13_universal2.whl", hash = "sha256:ce1da9ff01010a4529de194aecc053bfc8ab25440ea6b63579ef8c8d381da21d", size = 582384, upload-time = "2025-07-07T13:50:47.418Z" },
    { url = "https://files.pythonhosted.org/packages/c0/48/8ae425d8842bc76eb51052bbea5941dac230c8f6b58614ef2b7cb2da1a74/jpype1-1.6.0-cp313-cp313-manylinux2014_aarch64.manylinux_2_17_aarch64.whl", hash = "sha256:4a387430cd4f3f68761013dca7f71b79d8d64b47dfd56eedcbd44c894d98d7f2", size = 468237, upload-time = "2025-07-07T13:50:48.925Z" },
    { url = "https://files.pythonhosted.org/packages/ef/2f/dbdc15aa99404dda0315a9883add7422c9ac7acce28ce24b66c89052c2fb/jpype1-1.6.0-cp313-cp313-manylinux2014_i686.manylinux_2_17_i686.whl", hash = "sha256:6c9d99f41a5d05a8a2b6aeda796f646904c1c2b68aed0cc9a3bbc165483d9e1e", size = 511905, upload-time = "2025-07-07T13:50:50.87Z" },
    { url = "https://files.pythonhosted.org/packages/00/0d/50fcdd6d3bb42a87cbda8b04fc72283a9c6d955ada0d011190ce31e0e027/jpype1-1.6.0-cp313-cp313-manylinux2014_x86_64.manylinux_2_17_x86_64.whl", hash = "sha256:55ba7257988a69bee84f7cd1444131725d5447999149fdafdba25bf46e4b1a3f", size = 496001, upload-time = "2025-07-07T13:50:52.711Z" },
    { url = "https://files.pythonhosted.org/packages/4f/b8/25214a9ebecbd31447b685500dca5fe2ac070df38358d6823f591a8ce52e/jpype1-1.6.0-cp313-cp313-win_amd64.whl", hash = "sha256:ef8dd72442d91cde7e5eefef24ab71323cdd4137283a59f79d265a6620f7d0ab", size = 355727, upload-time = "2025-07-07T13:51:00.402Z" },
    { url = "https://files.pythonhosted.org/packages/29/a0/b2347572998020de8ce3ee0a285a1b84b052b522e8d452ee9ad330570918/jpype1-1.6.0-cp313-cp313t-manylinux2014_aarch64.manylinux_2_17_aarch64.whl", hash = "sha256:dc0c1c8b989b9857f87648980a746084b323858b0450225eab3642bb674645d6", size = 471150, upload-time = "2025-07-07T13:50:54.254Z" },
    { url = "https://files.pythonhosted.org/packages/7c/62/5e0f64a185f37303d0dd07e7b7a927cd5237fdc3c8176add949ed8cafaa2/jpype1-1.6.0-cp313-cp313t-manylinux2014_i686.manylinux_2_17_i686.whl", hash = "sha256:cbbba16381ccd23530ad4ef09f7b2b1b12bd7fd0f6ca9fe4c7b4e3da8fe4cf63", size = 514015, upload-time = "2025-07-07T13:50:56.299Z" },
    { url = "https://files.pythonhosted.org/packages/72/68/84050ed2679e2d2ee2030a60d3e5a59a29d0533cd03fd8d9891e36592b0f/jpype1-1.6.0-cp313-cp313t-manylinux2014_x86_64.manylinux_2_17_x86_64.whl", hash = "sha256:1a3814e4f65d67e36bdb03b8851d5ece8d7a408aa3a24251ea0609bb8fba77dd", size = 497229, upload-time = "2025-07-07T13:50:57.842Z" },
]

[[package]]
name = "km-avsr"
version = "0.1.0"
source = { virtual = "." }
dependencies = [
    { name = "konlpy" },
    { name = "sentencepiece" },
    { name = "tqdm" },
]

[package.metadata]
requires-dist = [
    { name = "konlpy", specifier = ">=0.6.0" },
    { name = "sentencepiece", specifier = ">=0.2.0" },
    { name = "tqdm", specifier = ">=4.67.1" },
]

[[package]]
name = "konlpy"
version = "0.6.0"
source = { registry = "https://pypi.org/simple" }
dependencies = [
    { name = "jpype1" },
    { name = "lxml" },
    { name = "numpy" },
]
wheels = [
    { url = "https://files.pythonhosted.org/packages/5a/95/896914d9461c12f07e6f8afb1f7462e28395fc46b54fcbb96f1ea3cff8fb/konlpy-0.6.0-py2.py3-none-any.whl", hash = "sha256:0b7928059e20eb1c72f6fe65a3d12c104fae9e68173904e16beef869cf0ea590", size = 19430923, upload-time = "2022-01-02T12:22:08.195Z" },
]

[[package]]
name = "lxml"
version = "6.0.0"
source = { registry = "https://pypi.org/simple" }
sdist = { url = "https://files.pythonhosted.org/packages/c5/ed/60eb6fa2923602fba988d9ca7c5cdbd7cf25faa795162ed538b527a35411/lxml-6.0.0.tar.gz", hash = "sha256:032e65120339d44cdc3efc326c9f660f5f7205f3a535c1fdbf898b29ea01fb72", size = 4096938, upload-time = "2025-06-26T16:28:19.373Z" }
wheels = [
    { url = "https://files.pythonhosted.org/packages/89/c3/d01d735c298d7e0ddcedf6f028bf556577e5ab4f4da45175ecd909c79378/lxml-6.0.0-cp312-cp312-macosx_10_13_universal2.whl", hash = "sha256:78718d8454a6e928470d511bf8ac93f469283a45c354995f7d19e77292f26108", size = 8429515, upload-time = "2025-06-26T16:26:06.776Z" },
    { url = "https://files.pythonhosted.org/packages/06/37/0e3eae3043d366b73da55a86274a590bae76dc45aa004b7042e6f97803b1/lxml-6.0.0-cp312-cp312-macosx_10_13_x86_64.whl", hash = "sha256:84ef591495ffd3f9dcabffd6391db7bb70d7230b5c35ef5148354a134f56f2be", size = 4601387, upload-time = "2025-06-26T16:26:09.511Z" },
    { url = "https://files.pythonhosted.org/packages/a3/28/e1a9a881e6d6e29dda13d633885d13acb0058f65e95da67841c8dd02b4a8/lxml-6.0.0-cp312-cp312-manylinux2010_i686.manylinux2014_i686.manylinux_2_12_i686.manylinux_2_17_i686.whl", hash = "sha256:2930aa001a3776c3e2601cb8e0a15d21b8270528d89cc308be4843ade546b9ab", size = 5228928, upload-time = "2025-06-26T16:26:12.337Z" },
    { url = "https://files.pythonhosted.org/packages/9a/55/2cb24ea48aa30c99f805921c1c7860c1f45c0e811e44ee4e6a155668de06/lxml-6.0.0-cp312-cp312-manylinux2014_aarch64.manylinux_2_17_aarch64.whl", hash = "sha256:219e0431ea8006e15005767f0351e3f7f9143e793e58519dc97fe9e07fae5563", size = 4952289, upload-time = "2025-06-28T18:47:25.602Z" },
    { url = "https://files.pythonhosted.org/packages/31/c0/b25d9528df296b9a3306ba21ff982fc5b698c45ab78b94d18c2d6ae71fd9/lxml-6.0.0-cp312-cp312-manylinux2014_x86_64.manylinux_2_17_x86_64.whl", hash = "sha256:bd5913b4972681ffc9718bc2d4c53cde39ef81415e1671ff93e9aa30b46595e7", size = 5111310, upload-time = "2025-06-28T18:47:28.136Z" },
    { url = "https://files.pythonhosted.org/packages/e9/af/681a8b3e4f668bea6e6514cbcb297beb6de2b641e70f09d3d78655f4f44c/lxml-6.0.0-cp312-cp312-manylinux_2_27_aarch64.manylinux_2_28_aarch64.whl", hash = "sha256:390240baeb9f415a82eefc2e13285016f9c8b5ad71ec80574ae8fa9605093cd7", size = 5025457, upload-time = "2025-06-26T16:26:15.068Z" },
    { url = "https://files.pythonhosted.org/packages/99/b6/3a7971aa05b7be7dfebc7ab57262ec527775c2c3c5b2f43675cac0458cad/lxml-6.0.0-cp312-cp312-manylinux_2_27_ppc64le.manylinux_2_28_ppc64le.whl", hash = "sha256:d6e200909a119626744dd81bae409fc44134389e03fbf1d68ed2a55a2fb10991", size = 5657016, upload-time = "2025-07-03T19:19:06.008Z" },
    { url = "https://files.pythonhosted.org/packages/69/f8/693b1a10a891197143c0673fcce5b75fc69132afa81a36e4568c12c8faba/lxml-6.0.0-cp312-cp312-manylinux_2_27_x86_64.manylinux_2_28_x86_64.whl", hash = "sha256:ca50bd612438258a91b5b3788c6621c1f05c8c478e7951899f492be42defc0da", size = 5257565, upload-time = "2025-06-26T16:26:17.906Z" },
    { url = "https://files.pythonhosted.org/packages/a8/96/e08ff98f2c6426c98c8964513c5dab8d6eb81dadcd0af6f0c538ada78d33/lxml-6.0.0-cp312-cp312-manylinux_2_31_armv7l.whl", hash = "sha256:c24b8efd9c0f62bad0439283c2c795ef916c5a6b75f03c17799775c7ae3c0c9e", size = 4713390, upload-time = "2025-06-26T16:26:20.292Z" },
    { url = "https://files.pythonhosted.org/packages/a8/83/6184aba6cc94d7413959f6f8f54807dc318fdcd4985c347fe3ea6937f772/lxml-6.0.0-cp312-cp312-musllinux_1_2_aarch64.whl", hash = "sha256:afd27d8629ae94c5d863e32ab0e1d5590371d296b87dae0a751fb22bf3685741", size = 5066103, upload-time = "2025-06-26T16:26:22.765Z" },
    { url = "https://files.pythonhosted.org/packages/ee/01/8bf1f4035852d0ff2e36a4d9aacdbcc57e93a6cd35a54e05fa984cdf73ab/lxml-6.0.0-cp312-cp312-musllinux_1_2_armv7l.whl", hash = "sha256:54c4855eabd9fc29707d30141be99e5cd1102e7d2258d2892314cf4c110726c3", size = 4791428, upload-time = "2025-06-26T16:26:26.461Z" },
    { url = "https://files.pythonhosted.org/packages/29/31/c0267d03b16954a85ed6b065116b621d37f559553d9339c7dcc4943a76f1/lxml-6.0.0-cp312-cp312-musllinux_1_2_ppc64le.whl", hash = "sha256:c907516d49f77f6cd8ead1322198bdfd902003c3c330c77a1c5f3cc32a0e4d16", size = 5678523, upload-time = "2025-07-03T19:19:09.837Z" },
    { url = "https://files.pythonhosted.org/packages/5c/f7/5495829a864bc5f8b0798d2b52a807c89966523140f3d6fa3a58ab6720ea/lxml-6.0.0-cp312-cp312-musllinux_1_2_x86_64.whl", hash = "sha256:36531f81c8214e293097cd2b7873f178997dae33d3667caaae8bdfb9666b76c0", size = 5281290, upload-time = "2025-06-26T16:26:29.406Z" },
    { url = "https://files.pythonhosted.org/packages/79/56/6b8edb79d9ed294ccc4e881f4db1023af56ba451909b9ce79f2a2cd7c532/lxml-6.0.0-cp312-cp312-win32.whl", hash = "sha256:690b20e3388a7ec98e899fd54c924e50ba6693874aa65ef9cb53de7f7de9d64a", size = 3613495, upload-time = "2025-06-26T16:26:31.588Z" },
    { url = "https://files.pythonhosted.org/packages/0b/1e/cc32034b40ad6af80b6fd9b66301fc0f180f300002e5c3eb5a6110a93317/lxml-6.0.0-cp312-cp312-win_amd64.whl", hash = "sha256:310b719b695b3dd442cdfbbe64936b2f2e231bb91d998e99e6f0daf991a3eba3", size = 4014711, upload-time = "2025-06-26T16:26:33.723Z" },
    { url = "https://files.pythonhosted.org/packages/55/10/dc8e5290ae4c94bdc1a4c55865be7e1f31dfd857a88b21cbba68b5fea61b/lxml-6.0.0-cp312-cp312-win_arm64.whl", hash = "sha256:8cb26f51c82d77483cdcd2b4a53cda55bbee29b3c2f3ddeb47182a2a9064e4eb", size = 3674431, upload-time = "2025-06-26T16:26:35.959Z" },
    { url = "https://files.pythonhosted.org/packages/79/21/6e7c060822a3c954ff085e5e1b94b4a25757c06529eac91e550f3f5cd8b8/lxml-6.0.0-cp313-cp313-macosx_10_13_universal2.whl", hash = "sha256:6da7cd4f405fd7db56e51e96bff0865b9853ae70df0e6720624049da76bde2da", size = 8414372, upload-time = "2025-06-26T16:26:39.079Z" },
    { url = "https://files.pythonhosted.org/packages/a4/f6/051b1607a459db670fc3a244fa4f06f101a8adf86cda263d1a56b3a4f9d5/lxml-6.0.0-cp313-cp313-macosx_10_13_x86_64.whl", hash = "sha256:b34339898bb556a2351a1830f88f751679f343eabf9cf05841c95b165152c9e7", size = 4593940, upload-time = "2025-06-26T16:26:41.891Z" },
    { url = "https://files.pythonhosted.org/packages/8e/74/dd595d92a40bda3c687d70d4487b2c7eff93fd63b568acd64fedd2ba00fe/lxml-6.0.0-cp313-cp313-manylinux2010_i686.manylinux2014_i686.manylinux_2_12_i686.manylinux_2_17_i686.whl", hash = "sha256:51a5e4c61a4541bd1cd3ba74766d0c9b6c12d6a1a4964ef60026832aac8e79b3", size = 5214329, upload-time = "2025-06-26T16:26:44.669Z" },
    { url = "https://files.pythonhosted.org/packages/52/46/3572761efc1bd45fcafb44a63b3b0feeb5b3f0066886821e94b0254f9253/lxml-6.0.0-cp313-cp313-manylinux2014_aarch64.manylinux_2_17_aarch64.whl", hash = "sha256:d18a25b19ca7307045581b18b3ec9ead2b1db5ccd8719c291f0cd0a5cec6cb81", size = 4947559, upload-time = "2025-06-28T18:47:31.091Z" },
    { url = "https://files.pythonhosted.org/packages/94/8a/5e40de920e67c4f2eef9151097deb9b52d86c95762d8ee238134aff2125d/lxml-6.0.0-cp313-cp313-manylinux2014_x86_64.manylinux_2_17_x86_64.whl", hash = "sha256:d4f0c66df4386b75d2ab1e20a489f30dc7fd9a06a896d64980541506086be1f1", size = 5102143, upload-time = "2025-06-28T18:47:33.612Z" },
    { url = "https://files.pythonhosted.org/packages/7c/4b/20555bdd75d57945bdabfbc45fdb1a36a1a0ff9eae4653e951b2b79c9209/lxml-6.0.0-cp313-cp313-manylinux_2_27_aarch64.manylinux_2_28_aarch64.whl", hash = "sha256:9f4b481b6cc3a897adb4279216695150bbe7a44c03daba3c894f49d2037e0a24", size = 5021931, upload-time = "2025-06-26T16:26:47.503Z" },
    { url = "https://files.pythonhosted.org/packages/b6/6e/cf03b412f3763d4ca23b25e70c96a74cfece64cec3addf1c4ec639586b13/lxml-6.0.0-cp313-cp313-manylinux_2_27_ppc64le.manylinux_2_28_ppc64le.whl", hash = "sha256:8a78d6c9168f5bcb20971bf3329c2b83078611fbe1f807baadc64afc70523b3a", size = 5645469, upload-time = "2025-07-03T19:19:13.32Z" },
    { url = "https://files.pythonhosted.org/packages/d4/dd/39c8507c16db6031f8c1ddf70ed95dbb0a6d466a40002a3522c128aba472/lxml-6.0.0-cp313-cp313-manylinux_2_27_x86_64.manylinux_2_28_x86_64.whl", hash = "sha256:2ae06fbab4f1bb7db4f7c8ca9897dc8db4447d1a2b9bee78474ad403437bcc29", size = 5247467, upload-time = "2025-06-26T16:26:49.998Z" },
    { url = "https://files.pythonhosted.org/packages/4d/56/732d49def0631ad633844cfb2664563c830173a98d5efd9b172e89a4800d/lxml-6.0.0-cp313-cp313-manylinux_2_31_armv7l.whl", hash = "sha256:1fa377b827ca2023244a06554c6e7dc6828a10aaf74ca41965c5d8a4925aebb4", size = 4720601, upload-time = "2025-06-26T16:26:52.564Z" },
    { url = "https://files.pythonhosted.org/packages/8f/7f/6b956fab95fa73462bca25d1ea7fc8274ddf68fb8e60b78d56c03b65278e/lxml-6.0.0-cp313-cp313-musllinux_1_2_aarch64.whl", hash = "sha256:1676b56d48048a62ef77a250428d1f31f610763636e0784ba67a9740823988ca", size = 5060227, upload-time = "2025-06-26T16:26:55.054Z" },
    { url = "https://files.pythonhosted.org/packages/97/06/e851ac2924447e8b15a294855caf3d543424364a143c001014d22c8ca94c/lxml-6.0.0-cp313-cp313-musllinux_1_2_armv7l.whl", hash = "sha256:0e32698462aacc5c1cf6bdfebc9c781821b7e74c79f13e5ffc8bfe27c42b1abf", size = 4790637, upload-time = "2025-06-26T16:26:57.384Z" },
    { url = "https://files.pythonhosted.org/packages/06/d4/fd216f3cd6625022c25b336c7570d11f4a43adbaf0a56106d3d496f727a7/lxml-6.0.0-cp313-cp313-musllinux_1_2_ppc64le.whl", hash = "sha256:4d6036c3a296707357efb375cfc24bb64cd955b9ec731abf11ebb1e40063949f", size = 5662049, upload-time = "2025-07-03T19:19:16.409Z" },
    { url = "https://files.pythonhosted.org/packages/52/03/0e764ce00b95e008d76b99d432f1807f3574fb2945b496a17807a1645dbd/lxml-6.0.0-cp313-cp313-musllinux_1_2_x86_64.whl", hash = "sha256:7488a43033c958637b1a08cddc9188eb06d3ad36582cebc7d4815980b47e27ef", size = 5272430, upload-time = "2025-06-26T16:27:00.031Z" },
    { url = "https://files.pythonhosted.org/packages/5f/01/d48cc141bc47bc1644d20fe97bbd5e8afb30415ec94f146f2f76d0d9d098/lxml-6.0.0-cp313-cp313-win32.whl", hash = "sha256:5fcd7d3b1d8ecb91445bd71b9c88bdbeae528fefee4f379895becfc72298d181", size = 3612896, upload-time = "2025-06-26T16:27:04.251Z" },
    { url = "https://files.pythonhosted.org/packages/f4/87/6456b9541d186ee7d4cb53bf1b9a0d7f3b1068532676940fdd594ac90865/lxml-6.0.0-cp313-cp313-win_amd64.whl", hash = "sha256:2f34687222b78fff795feeb799a7d44eca2477c3d9d3a46ce17d51a4f383e32e", size = 4013132, upload-time = "2025-06-26T16:27:06.415Z" },
    { url = "https://files.pythonhosted.org/packages/b7/42/85b3aa8f06ca0d24962f8100f001828e1f1f1a38c954c16e71154ed7d53a/lxml-6.0.0-cp313-cp313-win_arm64.whl", hash = "sha256:21db1ec5525780fd07251636eb5f7acb84003e9382c72c18c542a87c416ade03", size = 3672642, upload-time = "2025-06-26T16:27:09.888Z" },
]

[[package]]
name = "numpy"
version = "2.3.1"
source = { registry = "https://pypi.org/simple" }
sdist = { url = "https://files.pythonhosted.org/packages/2e/19/d7c972dfe90a353dbd3efbbe1d14a5951de80c99c9dc1b93cd998d51dc0f/numpy-2.3.1.tar.gz", hash = "sha256:1ec9ae20a4226da374362cca3c62cd753faf2f951440b0e3b98e93c235441d2b", size = 20390372, upload-time = "2025-06-21T12:28:33.469Z" }
wheels = [
    { url = "https://files.pythonhosted.org/packages/c6/56/71ad5022e2f63cfe0ca93559403d0edef14aea70a841d640bd13cdba578e/numpy-2.3.1-cp312-cp312-macosx_10_13_x86_64.whl", hash = "sha256:2959d8f268f3d8ee402b04a9ec4bb7604555aeacf78b360dc4ec27f1d508177d", size = 20896664, upload-time = "2025-06-21T12:15:30.845Z" },
    { url = "https://files.pythonhosted.org/packages/25/65/2db52ba049813670f7f987cc5db6dac9be7cd95e923cc6832b3d32d87cef/numpy-2.3.1-cp312-cp312-macosx_11_0_arm64.whl", hash = "sha256:762e0c0c6b56bdedfef9a8e1d4538556438288c4276901ea008ae44091954e29", size = 14131078, upload-time = "2025-06-21T12:15:52.23Z" },
    { url = "https://files.pythonhosted.org/packages/57/dd/28fa3c17b0e751047ac928c1e1b6990238faad76e9b147e585b573d9d1bd/numpy-2.3.1-cp312-cp312-macosx_14_0_arm64.whl", hash = "sha256:867ef172a0976aaa1f1d1b63cf2090de8b636a7674607d514505fb7276ab08fc", size = 5112554, upload-time = "2025-06-21T12:16:01.434Z" },
    { url = "https://files.pythonhosted.org/packages/c9/fc/84ea0cba8e760c4644b708b6819d91784c290288c27aca916115e3311d17/numpy-2.3.1-cp312-cp312-macosx_14_0_x86_64.whl", hash = "sha256:4e602e1b8682c2b833af89ba641ad4176053aaa50f5cacda1a27004352dde943", size = 6646560, upload-time = "2025-06-21T12:16:11.895Z" },
    { url = "https://files.pythonhosted.org/packages/61/b2/512b0c2ddec985ad1e496b0bd853eeb572315c0f07cd6997473ced8f15e2/numpy-2.3.1-cp312-cp312-manylinux_2_28_aarch64.whl", hash = "sha256:8e333040d069eba1652fb08962ec5b76af7f2c7bce1df7e1418c8055cf776f25", size = 14260638, upload-time = "2025-06-21T12:16:32.611Z" },
    { url = "https://files.pythonhosted.org/packages/6e/45/c51cb248e679a6c6ab14b7a8e3ead3f4a3fe7425fc7a6f98b3f147bec532/numpy-2.3.1-cp312-cp312-manylinux_2_28_x86_64.whl", hash = "sha256:e7cbf5a5eafd8d230a3ce356d892512185230e4781a361229bd902ff403bc660", size = 16632729, upload-time = "2025-06-21T12:16:57.439Z" },
    { url = "https://files.pythonhosted.org/packages/e4/ff/feb4be2e5c09a3da161b412019caf47183099cbea1132fd98061808c2df2/numpy-2.3.1-cp312-cp312-musllinux_1_2_aarch64.whl", hash = "sha256:5f1b8f26d1086835f442286c1d9b64bb3974b0b1e41bb105358fd07d20872952", size = 15565330, upload-time = "2025-06-21T12:17:20.638Z" },
    { url = "https://files.pythonhosted.org/packages/bc/6d/ceafe87587101e9ab0d370e4f6e5f3f3a85b9a697f2318738e5e7e176ce3/numpy-2.3.1-cp312-cp312-musllinux_1_2_x86_64.whl", hash = "sha256:ee8340cb48c9b7a5899d1149eece41ca535513a9698098edbade2a8e7a84da77", size = 18361734, upload-time = "2025-06-21T12:17:47.938Z" },
    { url = "https://files.pythonhosted.org/packages/2b/19/0fb49a3ea088be691f040c9bf1817e4669a339d6e98579f91859b902c636/numpy-2.3.1-cp312-cp312-win32.whl", hash = "sha256:e772dda20a6002ef7061713dc1e2585bc1b534e7909b2030b5a46dae8ff077ab", size = 6320411, upload-time = "2025-06-21T12:17:58.475Z" },
    { url = "https://files.pythonhosted.org/packages/b1/3e/e28f4c1dd9e042eb57a3eb652f200225e311b608632bc727ae378623d4f8/numpy-2.3.1-cp312-cp312-win_amd64.whl", hash = "sha256:cfecc7822543abdea6de08758091da655ea2210b8ffa1faf116b940693d3df76", size = 12734973, upload-time = "2025-06-21T12:18:17.601Z" },
    { url = "https://files.pythonhosted.org/packages/04/a8/8a5e9079dc722acf53522b8f8842e79541ea81835e9b5483388701421073/numpy-2.3.1-cp312-cp312-win_arm64.whl", hash = "sha256:7be91b2239af2658653c5bb6f1b8bccafaf08226a258caf78ce44710a0160d30", size = 10191491, upload-time = "2025-06-21T12:18:33.585Z" },
    { url = "https://files.pythonhosted.org/packages/d4/bd/35ad97006d8abff8631293f8ea6adf07b0108ce6fec68da3c3fcca1197f2/numpy-2.3.1-cp313-cp313-macosx_10_13_x86_64.whl", hash = "sha256:25a1992b0a3fdcdaec9f552ef10d8103186f5397ab45e2d25f8ac51b1a6b97e8", size = 20889381, upload-time = "2025-06-21T12:19:04.103Z" },
    { url = "https://files.pythonhosted.org/packages/f1/4f/df5923874d8095b6062495b39729178eef4a922119cee32a12ee1bd4664c/numpy-2.3.1-cp313-cp313-macosx_11_0_arm64.whl", hash = "sha256:7dea630156d39b02a63c18f508f85010230409db5b2927ba59c8ba4ab3e8272e", size = 14152726, upload-time = "2025-06-21T12:19:25.599Z" },
    { url = "https://files.pythonhosted.org/packages/8c/0f/a1f269b125806212a876f7efb049b06c6f8772cf0121139f97774cd95626/numpy-2.3.1-cp313-cp313-macosx_14_0_arm64.whl", hash = "sha256:bada6058dd886061f10ea15f230ccf7dfff40572e99fef440a4a857c8728c9c0", size = 5105145, upload-time = "2025-06-21T12:19:34.782Z" },
    { url = "https://files.pythonhosted.org/packages/6d/63/a7f7fd5f375b0361682f6ffbf686787e82b7bbd561268e4f30afad2bb3c0/numpy-2.3.1-cp313-cp313-macosx_14_0_x86_64.whl", hash = "sha256:a894f3816eb17b29e4783e5873f92faf55b710c2519e5c351767c51f79d8526d", size = 6639409, upload-time = "2025-06-21T12:19:45.228Z" },
    { url = "https://files.pythonhosted.org/packages/bf/0d/1854a4121af895aab383f4aa233748f1df4671ef331d898e32426756a8a6/numpy-2.3.1-cp313-cp313-manylinux_2_28_aarch64.whl", hash = "sha256:18703df6c4a4fee55fd3d6e5a253d01c5d33a295409b03fda0c86b3ca2ff41a1", size = 14257630, upload-time = "2025-06-21T12:20:06.544Z" },
    { url = "https://files.pythonhosted.org/packages/50/30/af1b277b443f2fb08acf1c55ce9d68ee540043f158630d62cef012750f9f/numpy-2.3.1-cp313-cp313-manylinux_2_28_x86_64.whl", hash = "sha256:5902660491bd7a48b2ec16c23ccb9124b8abfd9583c5fdfa123fe6b421e03de1", size = 16627546, upload-time = "2025-06-21T12:20:31.002Z" },
    { url = "https://files.pythonhosted.org/packages/6e/ec/3b68220c277e463095342d254c61be8144c31208db18d3fd8ef02712bcd6/numpy-2.3.1-cp313-cp313-musllinux_1_2_aarch64.whl", hash = "sha256:36890eb9e9d2081137bd78d29050ba63b8dab95dff7912eadf1185e80074b2a0", size = 15562538, upload-time = "2025-06-21T12:20:54.322Z" },
    { url = "https://files.pythonhosted.org/packages/77/2b/4014f2bcc4404484021c74d4c5ee8eb3de7e3f7ac75f06672f8dcf85140a/numpy-2.3.1-cp313-cp313-musllinux_1_2_x86_64.whl", hash = "sha256:a780033466159c2270531e2b8ac063704592a0bc62ec4a1b991c7c40705eb0e8", size = 18360327, upload-time = "2025-06-21T12:21:21.053Z" },
    { url = "https://files.pythonhosted.org/packages/40/8d/2ddd6c9b30fcf920837b8672f6c65590c7d92e43084c25fc65edc22e93ca/numpy-2.3.1-cp313-cp313-win32.whl", hash = "sha256:39bff12c076812595c3a306f22bfe49919c5513aa1e0e70fac756a0be7c2a2b8", size = 6312330, upload-time = "2025-06-21T12:25:07.447Z" },
    { url = "https://files.pythonhosted.org/packages/dd/c8/beaba449925988d415efccb45bf977ff8327a02f655090627318f6398c7b/numpy-2.3.1-cp313-cp313-win_amd64.whl", hash = "sha256:8d5ee6eec45f08ce507a6570e06f2f879b374a552087a4179ea7838edbcbfa42", size = 12731565, upload-time = "2025-06-21T12:25:26.444Z" },
    { url = "https://files.pythonhosted.org/packages/0b/c3/5c0c575d7ec78c1126998071f58facfc124006635da75b090805e642c62e/numpy-2.3.1-cp313-cp313-win_arm64.whl", hash = "sha256:0c4d9e0a8368db90f93bd192bfa771ace63137c3488d198ee21dfb8e7771916e", size = 10190262, upload-time = "2025-06-21T12:25:42.196Z" },
    { url = "https://files.pythonhosted.org/packages/ea/19/a029cd335cf72f79d2644dcfc22d90f09caa86265cbbde3b5702ccef6890/numpy-2.3.1-cp313-cp313t-macosx_10_13_x86_64.whl", hash = "sha256:b0b5397374f32ec0649dd98c652a1798192042e715df918c20672c62fb52d4b8", size = 20987593, upload-time = "2025-06-21T12:21:51.664Z" },
    { url = "https://files.pythonhosted.org/packages/25/91/8ea8894406209107d9ce19b66314194675d31761fe2cb3c84fe2eeae2f37/numpy-2.3.1-cp313-cp313t-macosx_11_0_arm64.whl", hash = "sha256:c5bdf2015ccfcee8253fb8be695516ac4457c743473a43290fd36eba6a1777eb", size = 14300523, upload-time = "2025-06-21T12:22:13.583Z" },
    { url = "https://files.pythonhosted.org/packages/a6/7f/06187b0066eefc9e7ce77d5f2ddb4e314a55220ad62dd0bfc9f2c44bac14/numpy-2.3.1-cp313-cp313t-macosx_14_0_arm64.whl", hash = "sha256:d70f20df7f08b90a2062c1f07737dd340adccf2068d0f1b9b3d56e2038979fee", size = 5227993, upload-time = "2025-06-21T12:22:22.53Z" },
    { url = "https://files.pythonhosted.org/packages/e8/ec/a926c293c605fa75e9cfb09f1e4840098ed46d2edaa6e2152ee35dc01ed3/numpy-2.3.1-cp313-cp313t-macosx_14_0_x86_64.whl", hash = "sha256:2fb86b7e58f9ac50e1e9dd1290154107e47d1eef23a0ae9145ded06ea606f992", size = 6736652, upload-time = "2025-06-21T12:22:33.629Z" },
    { url = "https://files.pythonhosted.org/packages/e3/62/d68e52fb6fde5586650d4c0ce0b05ff3a48ad4df4ffd1b8866479d1d671d/numpy-2.3.1-cp313-cp313t-manylinux_2_28_aarch64.whl", hash = "sha256:23ab05b2d241f76cb883ce8b9a93a680752fbfcbd51c50eff0b88b979e471d8c", size = 14331561, upload-time = "2025-06-21T12:22:55.056Z" },
    { url = "https://files.pythonhosted.org/packages/fc/ec/b74d3f2430960044bdad6900d9f5edc2dc0fb8bf5a0be0f65287bf2cbe27/numpy-2.3.1-cp313-cp313t-manylinux_2_28_x86_64.whl", hash = "sha256:ce2ce9e5de4703a673e705183f64fd5da5bf36e7beddcb63a25ee2286e71ca48", size = 16693349, upload-time = "2025-06-21T12:23:20.53Z" },
    { url = "https://files.pythonhosted.org/packages/0d/15/def96774b9d7eb198ddadfcbd20281b20ebb510580419197e225f5c55c3e/numpy-2.3.1-cp313-cp313t-musllinux_1_2_aarch64.whl", hash = "sha256:c4913079974eeb5c16ccfd2b1f09354b8fed7e0d6f2cab933104a09a6419b1ee", size = 15642053, upload-time = "2025-06-21T12:23:43.697Z" },
    { url = "https://files.pythonhosted.org/packages/2b/57/c3203974762a759540c6ae71d0ea2341c1fa41d84e4971a8e76d7141678a/numpy-2.3.1-cp313-cp313t-musllinux_1_2_x86_64.whl", hash = "sha256:010ce9b4f00d5c036053ca684c77441f2f2c934fd23bee058b4d6f196efd8280", size = 18434184, upload-time = "2025-06-21T12:24:10.708Z" },
    { url = "https://files.pythonhosted.org/packages/22/8a/ccdf201457ed8ac6245187850aff4ca56a79edbea4829f4e9f14d46fa9a5/numpy-2.3.1-cp313-cp313t-win32.whl", hash = "sha256:6269b9edfe32912584ec496d91b00b6d34282ca1d07eb10e82dfc780907d6c2e", size = 6440678, upload-time = "2025-06-21T12:24:21.596Z" },
    { url = "https://files.pythonhosted.org/packages/f1/7e/7f431d8bd8eb7e03d79294aed238b1b0b174b3148570d03a8a8a8f6a0da9/numpy-2.3.1-cp313-cp313t-win_amd64.whl", hash = "sha256:2a809637460e88a113e186e87f228d74ae2852a2e0c44de275263376f17b5bdc", size = 12870697, upload-time = "2025-06-21T12:24:40.644Z" },
    { url = "https://files.pythonhosted.org/packages/d4/ca/af82bf0fad4c3e573c6930ed743b5308492ff19917c7caaf2f9b6f9e2e98/numpy-2.3.1-cp313-cp313t-win_arm64.whl", hash = "sha256:eccb9a159db9aed60800187bc47a6d3451553f0e1b08b068d8b277ddfbb9b244", size = 10260376, upload-time = "2025-06-21T12:24:56.884Z" },
]

[[package]]
name = "packaging"
version = "25.0"
source = { registry = "https://pypi.org/simple" }
sdist = { url = "https://files.pythonhosted.org/packages/a1/d4/1fc4078c65507b51b96ca8f8c3ba19e6a61c8253c72794544580a7b6c24d/packaging-25.0.tar.gz", hash = "sha256:d443872c98d677bf60f6a1f2f8c1cb748e8fe762d2bf9d3148b5599295b0fc4f", size = 165727, upload-time = "2025-04-19T11:48:59.673Z" }
wheels = [
    { url = "https://files.pythonhosted.org/packages/20/12/38679034af332785aac8774540895e234f4d07f7545804097de4b666afd8/packaging-25.0-py3-none-any.whl", hash = "sha256:29572ef2b1f17581046b3a2227d5c611fb25ec70ca1ba8554b24b0e69331a484", size = 66469, upload-time = "2025-04-19T11:48:57.875Z" },
]

[[package]]
name = "sentencepiece"
version = "0.2.0"
source = { registry = "https://pypi.org/simple" }
sdist = { url = "https://files.pythonhosted.org/packages/c9/d2/b9c7ca067c26d8ff085d252c89b5f69609ca93fb85a00ede95f4857865d4/sentencepiece-0.2.0.tar.gz", hash = "sha256:a52c19171daaf2e697dc6cbe67684e0fa341b1248966f6aebb541de654d15843", size = 2632106, upload-time = "2024-02-19T17:06:47.428Z" }
wheels = [
    { url = "https://files.pythonhosted.org/packages/27/5a/141b227ed54293360a9ffbb7bf8252b4e5efc0400cdeac5809340e5d2b21/sentencepiece-0.2.0-cp312-cp312-macosx_10_9_universal2.whl", hash = "sha256:ea5f536e32ea8ec96086ee00d7a4a131ce583a1b18d130711707c10e69601cb2", size = 2409370, upload-time = "2024-02-19T17:06:29.315Z" },
    { url = "https://files.pythonhosted.org/packages/2e/08/a4c135ad6fc2ce26798d14ab72790d66e813efc9589fd30a5316a88ca8d5/sentencepiece-0.2.0-cp312-cp312-macosx_10_9_x86_64.whl", hash = "sha256:d0cb51f53b6aae3c36bafe41e86167c71af8370a039f542c43b0cce5ef24a68c", size = 1239288, upload-time = "2024-02-19T17:06:31.674Z" },
    { url = "https://files.pythonhosted.org/packages/49/0a/2fe387f825ac5aad5a0bfe221904882106cac58e1b693ba7818785a882b6/sentencepiece-0.2.0-cp312-cp312-macosx_11_0_arm64.whl", hash = "sha256:3212121805afc58d8b00ab4e7dd1f8f76c203ddb9dc94aa4079618a31cf5da0f", size = 1181597, upload-time = "2024-02-19T17:06:33.763Z" },
    { url = "https://files.pythonhosted.org/packages/cc/38/e4698ee2293fe4835dc033c49796a39b3eebd8752098f6bd0aa53a14af1f/sentencepiece-0.2.0-cp312-cp312-manylinux_2_17_aarch64.manylinux2014_aarch64.whl", hash = "sha256:2a3149e3066c2a75e0d68a43eb632d7ae728c7925b517f4c05c40f6f7280ce08", size = 1259220, upload-time = "2024-02-19T17:06:35.85Z" },
    { url = "https://files.pythonhosted.org/packages/12/24/fd7ef967c9dad2f6e6e5386d0cadaf65cda8b7be6e3861a9ab3121035139/sentencepiece-0.2.0-cp312-cp312-manylinux_2_17_i686.manylinux2014_i686.whl", hash = "sha256:632f3594d3e7ac8b367bca204cb3fd05a01d5b21455acd097ea4c0e30e2f63d7", size = 1355962, upload-time = "2024-02-19T17:06:38.616Z" },
    { url = "https://files.pythonhosted.org/packages/4f/d2/18246f43ca730bb81918f87b7e886531eda32d835811ad9f4657c54eee35/sentencepiece-0.2.0-cp312-cp312-manylinux_2_17_x86_64.manylinux2014_x86_64.whl", hash = "sha256:f295105c6bdbb05bd5e1b0cafbd78ff95036f5d3641e7949455a3f4e5e7c3109", size = 1301706, upload-time = "2024-02-19T17:06:40.712Z" },
    { url = "https://files.pythonhosted.org/packages/8a/47/ca237b562f420044ab56ddb4c278672f7e8c866e183730a20e413b38a989/sentencepiece-0.2.0-cp312-cp312-win32.whl", hash = "sha256:fb89f811e5efd18bab141afc3fea3de141c3f69f3fe9e898f710ae7fe3aab251", size = 936941, upload-time = "2024-02-19T17:06:42.802Z" },
    { url = "https://files.pythonhosted.org/packages/c6/97/d159c32642306ee2b70732077632895438867b3b6df282354bd550cf2a67/sentencepiece-0.2.0-cp312-cp312-win_amd64.whl", hash = "sha256:7a673a72aab81fef5ebe755c6e0cc60087d1f3a4700835d40537183c1703a45f", size = 991994, upload-time = "2024-02-19T17:06:45.01Z" },
]

[[package]]
name = "tqdm"
version = "4.67.1"
source = { registry = "https://pypi.org/simple" }
dependencies = [
    { name = "colorama", marker = "sys_platform == 'win32'" },
]
sdist = { url = "https://files.pythonhosted.org/packages/a8/4b/29b4ef32e036bb34e4ab51796dd745cdba7ed47ad142a9f4a1eb8e0c744d/tqdm-4.67.1.tar.gz", hash = "sha256:f8aef9c52c08c13a65f30ea34f4e5aac3fd1a34959879d7e59e63027286627f2", size = 169737, upload-time = "2024-11-24T20:12:22.481Z" }
wheels = [
    { url = "https://files.pythonhosted.org/packages/d0/30/dc54f88dd4a2b5dc8a0279bdd7270e735851848b762aeb1c1184ed1f6b14/tqdm-4.67.1-py3-none-any.whl", hash = "sha256:26445eca388f82e72884e0d580d5464cd801a3ea01e63e5601bdff9ba6a48de2", size = 78540, upload-time = "2024-11-24T20:12:19.698Z" },
]
